
Microsoft Visual Studio Solution File, Format Version 12.00
# Visual Studio Version 17
VisualStudioVersion = 17.9.34902.65
MinimumVisualStudioVersion = 10.0.40219.1
Project("{FAE04EC0-301F-11D3-BF4B-00C04F79EFBC}") = "ToDoReminder", "ToDoReminder.csproj", "{000367B8-A79D-490D-9A68-CE587B3BD2B5}"
EndProject
Global
	GlobalSection(SolutionConfigurationPlatforms) = preSolution
		Debug|Any CPU = Debug|Any CPU
		Release|Any CPU = Release|Any CPU
	EndGlobalSection
	GlobalSection(ProjectConfigurationPlatforms) = postSolution
		{000367B8-A79D-490D-9A68-CE587B3BD2B5}.Debug|Any CPU.ActiveCfg = Debug|Any CPU
		{000367B8-A79D-490D-9A68-CE587B3BD2B5}.Debug|Any CPU.Build.0 = Debug|Any CPU
		{000367B8-A79D-490D-9A68-CE587B3BD2B5}.Release|Any CPU.ActiveCfg = Release|Any CPU
		{000367B8-A79D-490D-9A68-CE587B3BD2B5}.Release|Any CPU.Build.0 = Release|Any CPU
	EndGlobalSection
	GlobalSection(SolutionProperties) = preSolution
		HideSolutionNode = FALSE
	EndGlobalSection
	GlobalSection(ExtensibilityGlobals) = postSolution
		SolutionGuid = {4BE91C12-17B4-43B2-80C0-4D73A6399306}
	EndGlobalSection
EndGlobal
